{
  "nodes": {
    "nixCats": {
      "locked": {
        "lastModified": 1747402538,
        "narHash": "sha256-hqOngVDs86+L2tYseKLqhhJsgXWluwwmPFJByvMc1d4=",
        "owner": "BirdeeHub",
        "repo": "nixCats-nvim",
        "rev": "14e95095b612f2c438e00a0f60287d867e8abd69",
        "type": "github"
      },
      "original": {
        "owner": "BirdeeHub",
        "repo": "nixCats-nvim",
        "type": "github"
      }
    },
    "nixpkgs": {
      "locked": {
        "lastModified": 1771423170,
        "narHash": "sha256-K7Dg9TQ0mOcAtWTO/FX/FaprtWQ8BmEXTpLIaNRhEwU=",
        "owner": "nixos",
        "repo": "nixpkgs",
        "rev": "bcc4a9d9533c033d806a46b37dc444f9b0da49dd",
        "type": "github"
      },
      "original": {
        "owner": "nixos",
        "ref": "nixpkgs-unstable",
        "repo": "nixpkgs",
        "type": "github"
      }
    },
    "plugins-amazonq-nvim": {
      "flake": false,
      "locked": {
        "lastModified": 1756906376,
        "narHash": "sha256-EoykpuPlck3JCY1dkkt0SBb7vj9miHVVIGi5UboB7lU=",
        "owner": "awslabs",
        "repo": "amazonq.nvim",
        "rev": "9f6d2278042f282feeb74a83a32f554a5ad0ae95",
        "type": "github"
      },
      "original": {
        "owner": "awslabs",
        "repo": "amazonq.nvim",
        "type": "github"
      }
    },
    "plugins-better-type-hover-nvim": {
      "flake": false,
      "locked": {
        "lastModified": 1744832258,
        "narHash": "sha256-z9s2veGEVCtB9dta2z3/3uZJog7zgLHZCaI26r5GHcs=",
        "owner": "Sebastian-Nielsen",
        "repo": "better-type-hover",
        "rev": "c91a5406775f9379a1abc16a869935beba13cfc2",
        "type": "github"
      },
      "original": {
        "owner": "Sebastian-Nielsen",
        "repo": "better-type-hover",
        "type": "github"
      }
    },
    "plugins-buffer-reopen-nvim": {
      "flake": false,
      "locked": {
        "lastModified": 1721724093,
        "narHash": "sha256-JCUfrVngNEiWkhcuHzv2e4qxSriHWsv4CL7Rmt4qxbg=",
        "owner": "iamyoki",
        "repo": "buffer-reopen.nvim",
        "rev": "e08dfc4bfea21bbb771f24e1dd032b437a0f8401",
        "type": "github"
      },
      "original": {
        "owner": "iamyoki",
        "repo": "buffer-reopen.nvim",
        "type": "github"
      }
    },
    "plugins-diffview-nvim": {
      "flake": false,
      "locked": {
        "lastModified": 1718279802,
        "narHash": "sha256-SX+ybIzL/w6uyCy4iZKnWnzTFwqB1oXSgyYVAdpdKi8=",
        "owner": "sindrets",
        "repo": "diffview.nvim",
        "rev": "4516612fe98ff56ae0415a259ff6361a89419b0a",
        "type": "github"
      },
      "original": {
        "owner": "sindrets",
        "repo": "diffview.nvim",
        "type": "github"
      }
    },
    "plugins-direnv-nvim": {
      "flake": false,
      "locked": {
        "lastModified": 1745420568,
        "narHash": "sha256-nAnZte8okf8V6gH2Egy/32o3W8xznbYhsYBPQ+9F470=",
        "owner": "NotAShelf",
        "repo": "direnv.nvim",
        "rev": "a2f1264909463fd012b7b0b6bbfebc282c5d2834",
        "type": "github"
      },
      "original": {
        "owner": "NotAShelf",
        "repo": "direnv.nvim",
        "type": "github"
      }
    },
    "plugins-goose-nvim": {
      "flake": false,
      "locked": {
        "lastModified": 1748279672,
        "narHash": "sha256-liJsIvD9o8UZ/eaZ2mO0q9Vr2NRpln+xMIimH0HkNhI=",
        "owner": "azorng",
        "repo": "goose.nvim",
        "rev": "04804ebb504c71df3a5f77a5e18cedb9070336ea",
        "type": "github"
      },
      "original": {
        "owner": "azorng",
        "repo": "goose.nvim",
        "type": "github"
      }
    },
    "plugins-helpview-nvim": {
      "flake": false,
      "locked": {
        "lastModified": 1740144838,
        "narHash": "sha256-BtZ5l/cId5PUUZfd61FwIf1bQwLJ7vJHI+z1DMv5bPE=",
        "owner": "OXY2DEV",
        "repo": "helpview.nvim",
        "rev": "2bc021a2cf1e6ce103f95ceffc172cfefbbf9cfc",
        "type": "github"
      },
      "original": {
        "owner": "OXY2DEV",
        "repo": "helpview.nvim",
        "type": "github"
      }
    },
    "plugins-here-term": {
      "flake": false,
      "locked": {
        "lastModified": 1739562069,
        "narHash": "sha256-PDPKAbrX5hiEVPuB2yajkMjlgB2BERttm9mx6MAOBKg=",
        "owner": "jaimecgomezz",
        "repo": "here.term",
        "rev": "3e1ec5792922b14ccc6af7ef41e59ce63611d314",
        "type": "github"
      },
      "original": {
        "owner": "jaimecgomezz",
        "repo": "here.term",
        "type": "github"
      }
    },
    "plugins-hypersonic-nvim": {
      "flake": false,
      "locked": {
        "lastModified": 1723397494,
        "narHash": "sha256-V9dBAadK4tx+M+adWxKZ+7t6wKdA0ojIgBd+sNysZJ8=",
        "owner": "tomiis4",
        "repo": "hypersonic.nvim",
        "rev": "734dfbfbe51952f102a9b439d53d4267bb0024cd",
        "type": "github"
      },
      "original": {
        "owner": "tomiis4",
        "repo": "hypersonic.nvim",
        "type": "github"
      }
    },
    "plugins-iswap-nvim": {
      "flake": false,
      "locked": {
        "lastModified": 1716489980,
        "narHash": "sha256-lAYHvz23f9nJ6rb0NIm+1aq0Vr0SwjPVitPuROtUS2A=",
        "owner": "mizlan",
        "repo": "iswap.nvim",
        "rev": "e02cc91f2a8feb5c5a595767d208c54b6e3258ec",
        "type": "github"
      },
      "original": {
        "owner": "mizlan",
        "repo": "iswap.nvim",
        "type": "github"
      }
    },
    "plugins-kitty-scrollback-nvim": {
      "flake": false,
      "locked": {
        "lastModified": 1737397484,
        "narHash": "sha256-0OPNHWR/qCbMKDQE6Pbt0Ew9QCm2ZSeZq4s9OL2rj04=",
        "owner": "mikesmithgh",
        "repo": "kitty-scrollback.nvim",
        "rev": "fd9f83f3f1141ef65de73fbe962f6c606ef02da8",
        "type": "github"
      },
      "original": {
        "owner": "mikesmithgh",
        "repo": "kitty-scrollback.nvim",
        "type": "github"
      }
    },
    "plugins-messenger-nvim": {
      "flake": false,
      "locked": {
        "lastModified": 1721293628,
        "narHash": "sha256-ld2h000ZX3jZrgpcwW5ss6L0Uvu5fWXJCBAScFnvm/k=",
        "owner": "lsig",
        "repo": "messenger.nvim",
        "rev": "309fec2ddd3de55eba2781b676931b37ce8190af",
        "type": "github"
      },
      "original": {
        "owner": "lsig",
        "repo": "messenger.nvim",
        "type": "github"
      }
    },
    "plugins-moody-nvim": {
      "flake": false,
      "locked": {
        "lastModified": 1734904034,
        "narHash": "sha256-n/9BeQSf8K1lboudFL1OiB2c8ZY6HoI9ROx54nF+5HY=",
        "owner": "svampkorg",
        "repo": "moody.nvim",
        "rev": "263f5f89277f40932c1cd7aca010bd38256fda17",
        "type": "github"
      },
      "original": {
        "owner": "svampkorg",
        "repo": "moody.nvim",
        "type": "github"
      }
    },
    "plugins-nvim-oxlint": {
      "flake": false,
      "locked": {
        "lastModified": 1733412472,
        "narHash": "sha256-dg1Dqga6bY0Q70R1DzZFxlv++aAH263IFIm/H1KfxrA=",
        "owner": "soulsam480",
        "repo": "nvim-oxlint",
        "rev": "0681ffb3fa1a4916a5335f009e5c0ebf0a448d81",
        "type": "github"
      },
      "original": {
        "owner": "soulsam480",
        "repo": "nvim-oxlint",
        "type": "github"
      }
    },
    "plugins-oil-lsp-diagnostics-nvim": {
      "flake": false,
      "locked": {
        "lastModified": 1737554594,
        "narHash": "sha256-E8jukH3I8XDdgrG4XHCo9AuFbY0sLX24pjk054xmB9E=",
        "owner": "JezerM",
        "repo": "oil-lsp-diagnostics.nvim",
        "rev": "e04e3c387262b958fee75382f8ff66eae9d037f4",
        "type": "github"
      },
      "original": {
        "owner": "JezerM",
        "repo": "oil-lsp-diagnostics.nvim",
        "type": "github"
      }
    },
    "plugins-snacks-nvim": {
      "flake": false,
      "locked": {
        "lastModified": 1762192365,
        "narHash": "sha256-Uf5OyUfqDX1Igy2qEfIhS5AW/FKmzFmc9BeeStW/INc=",
        "owner": "folke",
        "repo": "snacks.nvim",
        "rev": "2e2cf50514a70bbe78cac998e88e170e80fcfaa5",
        "type": "github"
      },
      "original": {
        "owner": "folke",
        "repo": "snacks.nvim",
        "type": "github"
      }
    },
    "plugins-snipe-lsp-nvim": {
      "flake": false,
      "locked": {
        "lastModified": 1732499255,
        "narHash": "sha256-xxoAL7aHW9VOgtcalvXiia34gPp/dmyOXbi69FOOZ1U=",
        "owner": "kungfusheep",
        "repo": "snipe-lsp.nvim",
        "rev": "253ef9b4dbb794ecdf435f3c3f8a1578c6f63067",
        "type": "github"
      },
      "original": {
        "owner": "kungfusheep",
        "repo": "snipe-lsp.nvim",
        "type": "github"
      }
    },
    "plugins-snipe-nvim": {
      "flake": false,
      "locked": {
        "lastModified": 1740838551,
        "narHash": "sha256-KbZuHll6VFcdSAC9fBLVfTnympKveDaiSoxZOt3GMJQ=",
        "owner": "leath-dub",
        "repo": "snipe.nvim",
        "rev": "f43a1f0090de03d48ce5c55df630c1aa4d0b4291",
        "type": "github"
      },
      "original": {
        "owner": "leath-dub",
        "repo": "snipe.nvim",
        "type": "github"
      }
    },
    "plugins-template-string-nvim": {
      "flake": false,
      "locked": {
        "lastModified": 1736201255,
        "narHash": "sha256-LkbATjFFUHffi4vVEG2Kms9vlvJeJX+x1oEdCbN39BY=",
        "owner": "axelvc",
        "repo": "template-string.nvim",
        "rev": "da5f326b65fb74fd068aa1d8b55461b64c8fb23b",
        "type": "github"
      },
      "original": {
        "owner": "axelvc",
        "repo": "template-string.nvim",
        "type": "github"
      }
    },
    "plugins-treewalker-nvim": {
      "flake": false,
      "locked": {
        "lastModified": 1747799217,
        "narHash": "sha256-nsrHJDocayTR9nKK5Awm8d5bSVKtZr/q1JFnuzdfbSI=",
        "owner": "aaronik",
        "repo": "treewalker.nvim",
        "rev": "fe9551ec2a35b8ec59a7dce1028c38e836cb861d",
        "type": "github"
      },
      "original": {
        "owner": "aaronik",
        "repo": "treewalker.nvim",
        "type": "github"
      }
    },
    "plugins-ts-error-translator-nvim": {
      "flake": false,
      "locked": {
        "lastModified": 1731721659,
        "narHash": "sha256-fi68jJVNTL2WlTehcl5Q8tijAeu2usjIsWXjcuixkCM=",
        "owner": "dmmulroy",
        "repo": "ts-error-translator.nvim",
        "rev": "47e5ba89f71b9e6c72eaaaaa519dd59bd6897df4",
        "type": "github"
      },
      "original": {
        "owner": "dmmulroy",
        "repo": "ts-error-translator.nvim",
        "type": "github"
      }
    },
    "plugins-twoslash-queries-nvim": {
      "flake": false,
      "locked": {
        "lastModified": 1719351982,
        "narHash": "sha256-YGFRbceYFswAbiOrMCx8ynEkQ45MkSOm0LHccYXyuXM=",
        "owner": "marilari88",
        "repo": "twoslash-queries.nvim",
        "rev": "b92622c7b71eceefabd02eef24236041069904b1",
        "type": "github"
      },
      "original": {
        "owner": "marilari88",
        "repo": "twoslash-queries.nvim",
        "type": "github"
      }
    },
    "plugins-yankbank-nvim": {
      "flake": false,
      "locked": {
        "lastModified": 1730120355,
        "narHash": "sha256-gl4CMBDNcPZCfO8TUzqy8VtAWantsV54ayHlGrhMsj8=",
        "owner": "ptdewey",
        "repo": "yankbank-nvim",
        "rev": "ded8f01bd6a7887310e14d463c8aa55eb79ec281",
        "type": "github"
      },
      "original": {
        "owner": "ptdewey",
        "repo": "yankbank-nvim",
        "type": "github"
      }
    },
    "root": {
      "inputs": {
        "nixCats": "nixCats",
        "nixpkgs": "nixpkgs",
        "plugins-amazonq-nvim": "plugins-amazonq-nvim",
        "plugins-better-type-hover-nvim": "plugins-better-type-hover-nvim",
        "plugins-buffer-reopen-nvim": "plugins-buffer-reopen-nvim",
        "plugins-diffview-nvim": "plugins-diffview-nvim",
        "plugins-direnv-nvim": "plugins-direnv-nvim",
        "plugins-goose-nvim": "plugins-goose-nvim",
        "plugins-helpview-nvim": "plugins-helpview-nvim",
        "plugins-here-term": "plugins-here-term",
        "plugins-hypersonic-nvim": "plugins-hypersonic-nvim",
        "plugins-iswap-nvim": "plugins-iswap-nvim",
        "plugins-kitty-scrollback-nvim": "plugins-kitty-scrollback-nvim",
        "plugins-messenger-nvim": "plugins-messenger-nvim",
        "plugins-moody-nvim": "plugins-moody-nvim",
        "plugins-nvim-oxlint": "plugins-nvim-oxlint",
        "plugins-oil-lsp-diagnostics-nvim": "plugins-oil-lsp-diagnostics-nvim",
        "plugins-snacks-nvim": "plugins-snacks-nvim",
        "plugins-snipe-lsp-nvim": "plugins-snipe-lsp-nvim",
        "plugins-snipe-nvim": "plugins-snipe-nvim",
        "plugins-template-string-nvim": "plugins-template-string-nvim",
        "plugins-treewalker-nvim": "plugins-treewalker-nvim",
        "plugins-ts-error-translator-nvim": "plugins-ts-error-translator-nvim",
        "plugins-twoslash-queries-nvim": "plugins-twoslash-queries-nvim",
        "plugins-yankbank-nvim": "plugins-yankbank-nvim"
      }
    }
  },
  "root": "root",
  "version": 7
}
