{
  "nodes": {
    "nixCats": {
      "locked": {
        "dir": "nix",
        "lastModified": 1728657329,
        "narHash": "sha256-eKLrDi2dqyuzTyW1PgBPJ+VC+mKgo5AyIEGLO4PATgs=",
        "owner": "BirdeeHub",
        "repo": "nixCats-nvim",
        "rev": "63687d601963606934ba7c8262aa975fcd66600f",
        "type": "github"
      },
      "original": {
        "dir": "nix",
        "owner": "BirdeeHub",
        "repo": "nixCats-nvim",
        "type": "github"
      }
    },
    "nixpkgs": {
      "locked": {
        "lastModified": 1730065608,
        "narHash": "sha256-uWx9fccPP1hqgc1WVo0bxeGi+i9p2ft2CfdQtJ14g/U=",
        "owner": "khaneliman",
        "repo": "nixpkgs",
        "rev": "20c46323e270b5a67e56c111d6640456e8788e87",
        "type": "github"
      },
      "original": {
        "owner": "khaneliman",
        "ref": "sqlite",
        "repo": "nixpkgs",
        "type": "github"
      }
    },
    "plugins-here-term": {
      "flake": false,
      "locked": {
        "lastModified": 1727886356,
        "narHash": "sha256-F+c5CtS03mlKGEcH0ga7Q+r5LQwRlKlh7tQ7Elt7SZY=",
        "owner": "jaimecgomezz",
        "repo": "here.term",
        "rev": "ba75c4d19791b4850712f394a9ab1926b31bb8eb",
        "type": "github"
      },
      "original": {
        "owner": "jaimecgomezz",
        "repo": "here.term",
        "type": "github"
      }
    },
    "plugins-iswap-nvim": {
      "flake": false,
      "locked": {
        "lastModified": 1716489980,
        "narHash": "sha256-lAYHvz23f9nJ6rb0NIm+1aq0Vr0SwjPVitPuROtUS2A=",
        "owner": "mizlan",
        "repo": "iswap.nvim",
        "rev": "e02cc91f2a8feb5c5a595767d208c54b6e3258ec",
        "type": "github"
      },
      "original": {
        "owner": "mizlan",
        "repo": "iswap.nvim",
        "type": "github"
      }
    },
    "plugins-moody-nvim": {
      "flake": false,
      "locked": {
        "lastModified": 1728934839,
        "narHash": "sha256-BvkOvXT1exAFCJPg4wCAqCFCSeSYJvff+HTvRf0c2wk=",
        "owner": "svampkorg",
        "repo": "moody.nvim",
        "rev": "47d37deaa0fb575f07c6675aff6c6c2754d8ed8e",
        "type": "github"
      },
      "original": {
        "owner": "svampkorg",
        "repo": "moody.nvim",
        "type": "github"
      }
    },
    "plugins-sqlite-lua": {
      "flake": false,
      "locked": {
        "lastModified": 1713684746,
        "narHash": "sha256-nbvc2hoOscOYoPPFUPnYdnXDwAPh5kiC2vI3lDP2QNo=",
        "owner": "kkharji",
        "repo": "sqlite.lua",
        "rev": "d0ffd703b56d090d213b497ed4eb840495f14a11",
        "type": "github"
      },
      "original": {
        "owner": "kkharji",
        "repo": "sqlite.lua",
        "type": "github"
      }
    },
    "plugins-ts-error-translator-nvim": {
      "flake": false,
      "locked": {
        "lastModified": 1727112009,
        "narHash": "sha256-8eUDQJYfhEsqv9G1QU96k5tTIcVa8oR8/SAoFN1XZ5I=",
        "owner": "dmmulroy",
        "repo": "ts-error-translator.nvim",
        "rev": "3bd23c4cfe4c2edc99278e01b75cdb2a26f03152",
        "type": "github"
      },
      "original": {
        "owner": "dmmulroy",
        "repo": "ts-error-translator.nvim",
        "type": "github"
      }
    },
    "plugins-twoslash-queries-nvim": {
      "flake": false,
      "locked": {
        "lastModified": 1719351982,
        "narHash": "sha256-YGFRbceYFswAbiOrMCx8ynEkQ45MkSOm0LHccYXyuXM=",
        "owner": "marilari88",
        "repo": "twoslash-queries.nvim",
        "rev": "b92622c7b71eceefabd02eef24236041069904b1",
        "type": "github"
      },
      "original": {
        "owner": "marilari88",
        "repo": "twoslash-queries.nvim",
        "type": "github"
      }
    },
    "root": {
      "inputs": {
        "nixCats": "nixCats",
        "nixpkgs": "nixpkgs",
        "plugins-here-term": "plugins-here-term",
        "plugins-iswap-nvim": "plugins-iswap-nvim",
        "plugins-moody-nvim": "plugins-moody-nvim",
        "plugins-sqlite-lua": "plugins-sqlite-lua",
        "plugins-ts-error-translator-nvim": "plugins-ts-error-translator-nvim",
        "plugins-twoslash-queries-nvim": "plugins-twoslash-queries-nvim"
      }
    }
  },
  "root": "root",
  "version": 7
}
