{
  "nodes": {
    "nixCats": {
      "locked": {
        "lastModified": 1738416103,
        "narHash": "sha256-TSLJwH2RYYTJNddC/WrusVDuMb0KQOgMgOfeUsnv+0s=",
        "owner": "BirdeeHub",
        "repo": "nixCats-nvim",
        "rev": "ac1c94b7482061e866801d5037b966bac15f9a03",
        "type": "github"
      },
      "original": {
        "dir": "nix",
        "owner": "BirdeeHub",
        "repo": "nixCats-nvim",
        "type": "github"
      }
    },
    "nixpkgs": {
      "locked": {
        "lastModified": 1739863612,
        "narHash": "sha256-UbtgxplOhFcyjBcNbTVO8+HUHAl/WXFDOb6LvqShiZo=",
        "owner": "nixos",
        "repo": "nixpkgs",
        "rev": "632f04521e847173c54fa72973ec6c39a371211c",
        "type": "github"
      },
      "original": {
        "owner": "nixos",
        "ref": "nixpkgs-unstable",
        "repo": "nixpkgs",
        "type": "github"
      }
    },
    "plugins-buffer-reopen-nvim": {
      "flake": false,
      "locked": {
        "lastModified": 1721724093,
        "narHash": "sha256-JCUfrVngNEiWkhcuHzv2e4qxSriHWsv4CL7Rmt4qxbg=",
        "owner": "iamyoki",
        "repo": "buffer-reopen.nvim",
        "rev": "e08dfc4bfea21bbb771f24e1dd032b437a0f8401",
        "type": "github"
      },
      "original": {
        "owner": "iamyoki",
        "repo": "buffer-reopen.nvim",
        "type": "github"
      }
    },
    "plugins-diffview-nvim": {
      "flake": false,
      "locked": {
        "lastModified": 1718279802,
        "narHash": "sha256-SX+ybIzL/w6uyCy4iZKnWnzTFwqB1oXSgyYVAdpdKi8=",
        "owner": "sindrets",
        "repo": "diffview.nvim",
        "rev": "4516612fe98ff56ae0415a259ff6361a89419b0a",
        "type": "github"
      },
      "original": {
        "owner": "sindrets",
        "repo": "diffview.nvim",
        "type": "github"
      }
    },
    "plugins-helpview-nvim": {
      "flake": false,
      "locked": {
        "lastModified": 1724653959,
        "narHash": "sha256-x5ZV/1LKrxhQWsxsJwrIfD7BogKO7H2GKzDt3PABEh8=",
        "owner": "OXY2DEV",
        "repo": "helpview.nvim",
        "rev": "857aec1dab331252910da158ab6cbfbc65239c71",
        "type": "github"
      },
      "original": {
        "owner": "OXY2DEV",
        "repo": "helpview.nvim",
        "type": "github"
      }
    },
    "plugins-here-term": {
      "flake": false,
      "locked": {
        "lastModified": 1727886356,
        "narHash": "sha256-F+c5CtS03mlKGEcH0ga7Q+r5LQwRlKlh7tQ7Elt7SZY=",
        "owner": "jaimecgomezz",
        "repo": "here.term",
        "rev": "ba75c4d19791b4850712f394a9ab1926b31bb8eb",
        "type": "github"
      },
      "original": {
        "owner": "jaimecgomezz",
        "repo": "here.term",
        "type": "github"
      }
    },
    "plugins-hypersonic-nvim": {
      "flake": false,
      "locked": {
        "lastModified": 1723397494,
        "narHash": "sha256-V9dBAadK4tx+M+adWxKZ+7t6wKdA0ojIgBd+sNysZJ8=",
        "owner": "tomiis4",
        "repo": "hypersonic.nvim",
        "rev": "734dfbfbe51952f102a9b439d53d4267bb0024cd",
        "type": "github"
      },
      "original": {
        "owner": "tomiis4",
        "repo": "hypersonic.nvim",
        "type": "github"
      }
    },
    "plugins-iswap-nvim": {
      "flake": false,
      "locked": {
        "lastModified": 1716489980,
        "narHash": "sha256-lAYHvz23f9nJ6rb0NIm+1aq0Vr0SwjPVitPuROtUS2A=",
        "owner": "mizlan",
        "repo": "iswap.nvim",
        "rev": "e02cc91f2a8feb5c5a595767d208c54b6e3258ec",
        "type": "github"
      },
      "original": {
        "owner": "mizlan",
        "repo": "iswap.nvim",
        "type": "github"
      }
    },
    "plugins-messenger-nvim": {
      "flake": false,
      "locked": {
        "lastModified": 1721293628,
        "narHash": "sha256-ld2h000ZX3jZrgpcwW5ss6L0Uvu5fWXJCBAScFnvm/k=",
        "owner": "lsig",
        "repo": "messenger.nvim",
        "rev": "309fec2ddd3de55eba2781b676931b37ce8190af",
        "type": "github"
      },
      "original": {
        "owner": "lsig",
        "repo": "messenger.nvim",
        "type": "github"
      }
    },
    "plugins-moody-nvim": {
      "flake": false,
      "locked": {
        "lastModified": 1728934839,
        "narHash": "sha256-BvkOvXT1exAFCJPg4wCAqCFCSeSYJvff+HTvRf0c2wk=",
        "owner": "svampkorg",
        "repo": "moody.nvim",
        "rev": "47d37deaa0fb575f07c6675aff6c6c2754d8ed8e",
        "type": "github"
      },
      "original": {
        "owner": "svampkorg",
        "repo": "moody.nvim",
        "type": "github"
      }
    },
    "plugins-snipe-lsp-nvim": {
      "flake": false,
      "locked": {
        "lastModified": 1732499255,
        "narHash": "sha256-xxoAL7aHW9VOgtcalvXiia34gPp/dmyOXbi69FOOZ1U=",
        "owner": "kungfusheep",
        "repo": "snipe-lsp.nvim",
        "rev": "253ef9b4dbb794ecdf435f3c3f8a1578c6f63067",
        "type": "github"
      },
      "original": {
        "owner": "kungfusheep",
        "repo": "snipe-lsp.nvim",
        "type": "github"
      }
    },
    "plugins-sqlite-lua": {
      "flake": false,
      "locked": {
        "lastModified": 1713684746,
        "narHash": "sha256-nbvc2hoOscOYoPPFUPnYdnXDwAPh5kiC2vI3lDP2QNo=",
        "owner": "kkharji",
        "repo": "sqlite.lua",
        "rev": "d0ffd703b56d090d213b497ed4eb840495f14a11",
        "type": "github"
      },
      "original": {
        "owner": "kkharji",
        "repo": "sqlite.lua",
        "type": "github"
      }
    },
    "plugins-ts-error-translator-nvim": {
      "flake": false,
      "locked": {
        "lastModified": 1727112009,
        "narHash": "sha256-8eUDQJYfhEsqv9G1QU96k5tTIcVa8oR8/SAoFN1XZ5I=",
        "owner": "dmmulroy",
        "repo": "ts-error-translator.nvim",
        "rev": "3bd23c4cfe4c2edc99278e01b75cdb2a26f03152",
        "type": "github"
      },
      "original": {
        "owner": "dmmulroy",
        "repo": "ts-error-translator.nvim",
        "type": "github"
      }
    },
    "plugins-twoslash-queries-nvim": {
      "flake": false,
      "locked": {
        "lastModified": 1719351982,
        "narHash": "sha256-YGFRbceYFswAbiOrMCx8ynEkQ45MkSOm0LHccYXyuXM=",
        "owner": "marilari88",
        "repo": "twoslash-queries.nvim",
        "rev": "b92622c7b71eceefabd02eef24236041069904b1",
        "type": "github"
      },
      "original": {
        "owner": "marilari88",
        "repo": "twoslash-queries.nvim",
        "type": "github"
      }
    },
    "plugins-yankbank-nvim": {
      "flake": false,
      "locked": {
        "lastModified": 1730120355,
        "narHash": "sha256-gl4CMBDNcPZCfO8TUzqy8VtAWantsV54ayHlGrhMsj8=",
        "owner": "ptdewey",
        "repo": "yankbank-nvim",
        "rev": "ded8f01bd6a7887310e14d463c8aa55eb79ec281",
        "type": "github"
      },
      "original": {
        "owner": "ptdewey",
        "repo": "yankbank-nvim",
        "type": "github"
      }
    },
    "root": {
      "inputs": {
        "nixCats": "nixCats",
        "nixpkgs": "nixpkgs",
        "plugins-buffer-reopen-nvim": "plugins-buffer-reopen-nvim",
        "plugins-diffview-nvim": "plugins-diffview-nvim",
        "plugins-helpview-nvim": "plugins-helpview-nvim",
        "plugins-here-term": "plugins-here-term",
        "plugins-hypersonic-nvim": "plugins-hypersonic-nvim",
        "plugins-iswap-nvim": "plugins-iswap-nvim",
        "plugins-messenger-nvim": "plugins-messenger-nvim",
        "plugins-moody-nvim": "plugins-moody-nvim",
        "plugins-snipe-lsp-nvim": "plugins-snipe-lsp-nvim",
        "plugins-sqlite-lua": "plugins-sqlite-lua",
        "plugins-ts-error-translator-nvim": "plugins-ts-error-translator-nvim",
        "plugins-twoslash-queries-nvim": "plugins-twoslash-queries-nvim",
        "plugins-yankbank-nvim": "plugins-yankbank-nvim"
      }
    }
  },
  "root": "root",
  "version": 7
}
